
Microsoft Visual Studio Solution File, Format Version 12.00
# Visual Studio Version 17
VisualStudioVersion = 17.9.34728.123
MinimumVisualStudioVersion = 10.0.40219.1
Project("{9A19103F-16F7-4668-BE54-9A1E7A4F7556}") = "AQI_Monitoring_System", "AQI Monitoring System\AQI_Monitoring_System.csproj", "{57B55574-A24F-4844-B3D3-0DC166F12FF1}"
EndProject
Global
	GlobalSection(SolutionConfigurationPlatforms) = preSolution
		Debug|Any CPU = Debug|Any CPU
		Release|Any CPU = Release|Any CPU
	EndGlobalSection
	GlobalSection(ProjectConfigurationPlatforms) = postSolution
		{57B55574-A24F-4844-B3D3-0DC166F12FF1}.Debug|Any CPU.ActiveCfg = Debug|Any CPU
		{57B55574-A24F-4844-B3D3-0DC166F12FF1}.Debug|Any CPU.Build.0 = Debug|Any CPU
		{57B55574-A24F-4844-B3D3-0DC166F12FF1}.Release|Any CPU.ActiveCfg = Release|Any CPU
		{57B55574-A24F-4844-B3D3-0DC166F12FF1}.Release|Any CPU.Build.0 = Release|Any CPU
	EndGlobalSection
	GlobalSection(SolutionProperties) = preSolution
		HideSolutionNode = FALSE
	EndGlobalSection
	GlobalSection(ExtensibilityGlobals) = postSolution
		SolutionGuid = {EADA1838-250E-4CAF-AF8D-C68777D3867E}
	EndGlobalSection
EndGlobal
